{
  "name": "harbour-town",
  "version": "1.0.0",
  "lockfileVersion": 3,
  "requires": true,
  "packages": {
    "": {
      "name": "harbour-town",
      "version": "1.0.0",
      "dependencies": {
        "three": "0.180.0"
      },
      "engines": {
        "node": ">=24"
      }
    },
    "node_modules/three": {
      "version": "0.180.0",
      "integrity": "sha1-uTDKv7Uk9tNr9j6HS02GaIi1BIc=",
      "license": "MIT"
    }
  }
}
